
Microsoft Visual Studio Solution File, Format Version 12.00
# Visual Studio Version 17
VisualStudioVersion = 17.3.32929.385
MinimumVisualStudioVersion = 10.0.40219.1
Project("{9A19103F-16F7-4668-BE54-9A1E7A4F7556}") = "Todo", "Todo.csproj", "{2268E3A9-9980-4A3A-B4AC-2607F692D021}"
EndProject
Global
	GlobalSection(SolutionConfigurationPlatforms) = preSolution
		Debug|Any CPU = Debug|Any CPU
		Release|Any CPU = Release|Any CPU
	EndGlobalSection
	GlobalSection(ProjectConfigurationPlatforms) = postSolution
		{2268E3A9-9980-4A3A-B4AC-2607F692D021}.Debug|Any CPU.ActiveCfg = Debug|Any CPU
		{2268E3A9-9980-4A3A-B4AC-2607F692D021}.Debug|Any CPU.Build.0 = Debug|Any CPU
		{2268E3A9-9980-4A3A-B4AC-2607F692D021}.Release|Any CPU.ActiveCfg = Release|Any CPU
		{2268E3A9-9980-4A3A-B4AC-2607F692D021}.Release|Any CPU.Build.0 = Release|Any CPU
	EndGlobalSection
	GlobalSection(SolutionProperties) = preSolution
		HideSolutionNode = FALSE
	EndGlobalSection
	GlobalSection(ExtensibilityGlobals) = postSolution
		SolutionGuid = {BBE352D5-4DFD-4D19-B312-5589EEF3AFD8}
	EndGlobalSection
EndGlobal
